{
  "name": "WorkoutApp",
  "lockfileVersion": 3,
  "requires": true,
  "packages": {
    "": {
      "dependencies": {
        "@expo/vector-icons": "^15.0.2",
        "@react-native-community/datetimepicker": "^8.4.4"
      }
    },
    "node_modules/@expo/vector-icons": {
      "version": "15.0.2",
      "resolved": "https://registry.npmjs.org/@expo/vector-icons/-/vector-icons-15.0.2.tgz",
      "integrity": "sha512-IiBjg7ZikueuHNf40wSGCf0zS73a3guJLdZzKnDUxsauB8VWPLMeWnRIupc+7cFhLUkqyvyo0jLNlcxG5xPOuQ==",
      "license": "MIT",
      "peerDependencies": {
        "expo-font": ">=14.0.4",
        "react": "*",
        "react-native": "*"
      }
    },
    "node_modules/@react-native-community/datetimepicker": {
      "version": "8.4.4",
      "resolved": "https://registry.npmjs.org/@react-native-community/datetimepicker/-/datetimepicker-8.4.4.tgz",
      "integrity": "sha512-bc4ZixEHxZC9/qf5gbdYvIJiLZ5CLmEsC3j+Yhe1D1KC/3QhaIfGDVdUcid0PdlSoGOSEq4VlB93AWyetEyBSQ==",
      "license": "MIT",
      "dependencies": {
        "invariant": "^2.2.4"
      },
      "peerDependencies": {
        "expo": ">=52.0.0",
        "react": "*",
        "react-native": "*",
        "react-native-windows": "*"
      },
      "peerDependenciesMeta": {
        "expo": {
          "optional": true
        },
        "react-native-windows": {
          "optional": true
        }
      }
    },
    "node_modules/invariant": {
      "version": "2.2.4",
      "resolved": "https://registry.npmjs.org/invariant/-/invariant-2.2.4.tgz",
      "integrity": "sha512-phJfQVBuaJM5raOpJjSfkiD6BpbCE4Ns//LaXl6wGYtUBY83nWS6Rf9tXm2e8VaK60JEjYldbPif/A2B1C2gNA==",
      "license": "MIT",
      "dependencies": {
        "loose-envify": "^1.0.0"
      }
    },
    "node_modules/js-tokens": {
      "version": "4.0.0",
      "resolved": "https://registry.npmjs.org/js-tokens/-/js-tokens-4.0.0.tgz",
      "integrity": "sha512-RdJUflcE3cUzKiMqQgsCu06FPu9UdIJO0beYbPhHN4k6apgJtifcoCtT9bcxOpYBtpD2kCM6Sbzg4CausW/PKQ==",
      "license": "MIT"
    },
    "node_modules/loose-envify": {
      "version": "1.4.0",
      "resolved": "https://registry.npmjs.org/loose-envify/-/loose-envify-1.4.0.tgz",
      "integrity": "sha512-lyuxPGr/Wfhrlem2CL/UcnUc1zcqKAImBDzukY7Y5F/yQiNdko6+fRLevlw1HgMySw7f611UIY408EtxRSoK3Q==",
      "license": "MIT",
      "dependencies": {
        "js-tokens": "^3.0.0 || ^4.0.0"
      },
      "bin": {
        "loose-envify": "cli.js"
      }
    }
  }
}
